// !$*UTF8*$!
{
	archiveVersion = 1;
	classes = {
	};
	objectVersion = 56;
	objects = {

/* Begin PBXBuildFile section */
		3A46F31E2AC6B85D00C43489 /* ChartsViewModel.swift in Sources */ = {isa = PBXBuildFile; fileRef = 3A46F31D2AC6B85D00C43489 /* ChartsViewModel.swift */; };
		3A5DFF462AC698B000B4CC85 /* ChartsModel.swift in Sources */ = {isa = PBXBuildFile; fileRef = 3A5DFF452AC698B000B4CC85 /* ChartsModel.swift */; };
		9212FA542AAE103F00490868 /* RegisterView.swift in Sources */ = {isa = PBXBuildFile; fileRef = 9212FA532AAE103F00490868 /* RegisterView.swift */; };
		9212FA592AAE27AC00490868 /* RegisterViewModel.swift in Sources */ = {isa = PBXBuildFile; fileRef = 9212FA582AAE27AC00490868 /* RegisterViewModel.swift */; };
		9225F3822AADD3240009AA5C /* Preview.swift in Sources */ = {isa = PBXBuildFile; fileRef = 9225F3812AADD3240009AA5C /* Preview.swift */; };
		9228FDB72AADC24600CE8E8D /* WealthWaveApp.swift in Sources */ = {isa = PBXBuildFile; fileRef = 9228FDB62AADC24600CE8E8D /* WealthWaveApp.swift */; };
		9228FDB92AADC24600CE8E8D /* ContentView.swift in Sources */ = {isa = PBXBuildFile; fileRef = 9228FDB82AADC24600CE8E8D /* ContentView.swift */; };
		9228FDBB2AADC24700CE8E8D /* Assets.xcassets in Resources */ = {isa = PBXBuildFile; fileRef = 9228FDBA2AADC24700CE8E8D /* Assets.xcassets */; };
		9228FDBE2AADC24700CE8E8D /* Preview Assets.xcassets in Resources */ = {isa = PBXBuildFile; fileRef = 9228FDBD2AADC24700CE8E8D /* Preview Assets.xcassets */; };
		923839322AC4ABD700F3B4D6 /* GetReportViewModel.swift in Sources */ = {isa = PBXBuildFile; fileRef = 923839312AC4ABD700F3B4D6 /* GetReportViewModel.swift */; };
		923839342AC4ABFC00F3B4D6 /* ReportModel.swift in Sources */ = {isa = PBXBuildFile; fileRef = 923839332AC4ABFC00F3B4D6 /* ReportModel.swift */; };
		923DC2EA2ABC0A6A00809F30 /* EditExpensesView.swift in Sources */ = {isa = PBXBuildFile; fileRef = 923DC2E92ABC0A6A00809F30 /* EditExpensesView.swift */; };
		92565FBE2AC3287100E79B03 /* DeleteExpensesViewModel.swift in Sources */ = {isa = PBXBuildFile; fileRef = 92565FBD2AC3287100E79B03 /* DeleteExpensesViewModel.swift */; };
		92565FC02AC349B800E79B03 /* ExpenseDeleteModel.swift in Sources */ = {isa = PBXBuildFile; fileRef = 92565FBF2AC349B800E79B03 /* ExpenseDeleteModel.swift */; };
		92716E3E2AB9B9D200B9A468 /* DashboardView.swift in Sources */ = {isa = PBXBuildFile; fileRef = 92716E3D2AB9B9D200B9A468 /* DashboardView.swift */; };
		928917232AC00E37008527B5 /* PropertyModel.swift in Sources */ = {isa = PBXBuildFile; fileRef = 928917222AC00E37008527B5 /* PropertyModel.swift */; };
		928917252AC0144E008527B5 /* GetIncomeViewModel.swift in Sources */ = {isa = PBXBuildFile; fileRef = 928917242AC0144E008527B5 /* GetIncomeViewModel.swift */; };
		928917292AC01F5D008527B5 /* IncomeModel.swift in Sources */ = {isa = PBXBuildFile; fileRef = 928917282AC01F5D008527B5 /* IncomeModel.swift */; };
		928CB34B2ABF1700002226B8 /* LoginViewModel.swift in Sources */ = {isa = PBXBuildFile; fileRef = 928CB34A2ABF1700002226B8 /* LoginViewModel.swift */; };
		9295CD512ABCB85200259DB8 /* AddIncomeView.swift in Sources */ = {isa = PBXBuildFile; fileRef = 9295CD502ABCB85200259DB8 /* AddIncomeView.swift */; };
		9295CD532ABCC10F00259DB8 /* AddSavingView.swift in Sources */ = {isa = PBXBuildFile; fileRef = 9295CD522ABCC10F00259DB8 /* AddSavingView.swift */; };
		9295CD552ABCC4FA00259DB8 /* BudgetView.swift in Sources */ = {isa = PBXBuildFile; fileRef = 9295CD542ABCC4FA00259DB8 /* BudgetView.swift */; };
		9295CD572ABCC6A500259DB8 /* AddBudgetView.swift in Sources */ = {isa = PBXBuildFile; fileRef = 9295CD562ABCC6A500259DB8 /* AddBudgetView.swift */; };
		9295CD592ABCCCC200259DB8 /* ReportView.swift in Sources */ = {isa = PBXBuildFile; fileRef = 9295CD582ABCCCC200259DB8 /* ReportView.swift */; };
		929AC7362AC40AD700AB3058 /* DeleteSavingViewModel.swift in Sources */ = {isa = PBXBuildFile; fileRef = 929AC7352AC40AD700AB3058 /* DeleteSavingViewModel.swift */; };
		929AC7382AC40B0600AB3058 /* SavingDeleteModel.swift in Sources */ = {isa = PBXBuildFile; fileRef = 929AC7372AC40B0600AB3058 /* SavingDeleteModel.swift */; };
		929AC73B2AC4320100AB3058 /* GetReportMonthViewModel.swift in Sources */ = {isa = PBXBuildFile; fileRef = 929AC73A2AC4320100AB3058 /* GetReportMonthViewModel.swift */; };
		929AC73D2AC43DB600AB3058 /* ReportMonthModel.swift in Sources */ = {isa = PBXBuildFile; fileRef = 929AC73C2AC43DB600AB3058 /* ReportMonthModel.swift */; };
		929AC73F2AC44ACA00AB3058 /* ChartsView.swift in Sources */ = {isa = PBXBuildFile; fileRef = 929AC73E2AC44ACA00AB3058 /* ChartsView.swift */; };
		92A5D7DC2AC054EB0076FD7D /* GetExpensesViewModel.swift in Sources */ = {isa = PBXBuildFile; fileRef = 92A5D7DB2AC054EB0076FD7D /* GetExpensesViewModel.swift */; };
		92A5D7DE2AC056D40076FD7D /* ExpensesModel.swift in Sources */ = {isa = PBXBuildFile; fileRef = 92A5D7DD2AC056D40076FD7D /* ExpensesModel.swift */; };
		92A873CE2AC2BCD30011F51A /* GetBudgetViewModel.swift in Sources */ = {isa = PBXBuildFile; fileRef = 92A873CD2AC2BCD30011F51A /* GetBudgetViewModel.swift */; };
		92A873D02AC2BCE50011F51A /* BudgetModel.swift in Sources */ = {isa = PBXBuildFile; fileRef = 92A873CF2AC2BCE50011F51A /* BudgetModel.swift */; };
		92AADDF32ABDA57A00597610 /* ListOfExpensesViewModel.swift in Sources */ = {isa = PBXBuildFile; fileRef = 92AADDF22ABDA57A00597610 /* ListOfExpensesViewModel.swift */; };
		92AADDF72ABDDA6C00597610 /* AddExpensesViewModel.swift in Sources */ = {isa = PBXBuildFile; fileRef = 92AADDF62ABDDA6C00597610 /* AddExpensesViewModel.swift */; };
		92B2F8752ABAD1080035656F /* AddItemsView.swift in Sources */ = {isa = PBXBuildFile; fileRef = 92B2F8742ABAD1080035656F /* AddItemsView.swift */; };
		92B2F8772ABAE3DB0035656F /* ListOfExpensesView.swift in Sources */ = {isa = PBXBuildFile; fileRef = 92B2F8762ABAE3DB0035656F /* ListOfExpensesView.swift */; };
		92B2F8792ABAFD8A0035656F /* AddExpensesView.swift in Sources */ = {isa = PBXBuildFile; fileRef = 92B2F8782ABAFD8A0035656F /* AddExpensesView.swift */; };
		92B3E47F2ABDEDC700CC2BC0 /* BudgetCategoryModel.swift in Sources */ = {isa = PBXBuildFile; fileRef = 92B3E47E2ABDEDC700CC2BC0 /* BudgetCategoryModel.swift */; };
		92C22A6F2AADDC0A0099AB39 /* LoginView.swift in Sources */ = {isa = PBXBuildFile; fileRef = 92C22A6E2AADDC0A0099AB39 /* LoginView.swift */; };
		92DF58152ABF57030060E428 /* GetSavingViewModel.swift in Sources */ = {isa = PBXBuildFile; fileRef = 92DF58142ABF57030060E428 /* GetSavingViewModel.swift */; };
		92DF58172ABF5AED0060E428 /* SavingModel.swift in Sources */ = {isa = PBXBuildFile; fileRef = 92DF58162ABF5AED0060E428 /* SavingModel.swift */; };
		92FE090C2ABEDE6700C8CCA6 /* AddIncomeViewModel.swift in Sources */ = {isa = PBXBuildFile; fileRef = 92FE090B2ABEDE6700C8CCA6 /* AddIncomeViewModel.swift */; };
		92FE090E2ABEE5A000C8CCA6 /* AddSavingViewModel.swift in Sources */ = {isa = PBXBuildFile; fileRef = 92FE090D2ABEE5A000C8CCA6 /* AddSavingViewModel.swift */; };
		92FE09102ABEFBA800C8CCA6 /* AddBudgetViewModel.swift in Sources */ = {isa = PBXBuildFile; fileRef = 92FE090F2ABEFBA800C8CCA6 /* AddBudgetViewModel.swift */; };
/* End PBXBuildFile section */

/* Begin PBXFileReference section */
		3A46F31D2AC6B85D00C43489 /* ChartsViewModel.swift */ = {isa = PBXFileReference; lastKnownFileType = sourcecode.swift; path = ChartsViewModel.swift; sourceTree = "<group>"; };
		3A5DFF452AC698B000B4CC85 /* ChartsModel.swift */ = {isa = PBXFileReference; lastKnownFileType = sourcecode.swift; path = ChartsModel.swift; sourceTree = "<group>"; };
		9212FA532AAE103F00490868 /* RegisterView.swift */ = {isa = PBXFileReference; lastKnownFileType = sourcecode.swift; path = RegisterView.swift; sourceTree = "<group>"; };
		9212FA582AAE27AC00490868 /* RegisterViewModel.swift */ = {isa = PBXFileReference; lastKnownFileType = sourcecode.swift; path = RegisterViewModel.swift; sourceTree = "<group>"; };
		9225F3812AADD3240009AA5C /* Preview.swift */ = {isa = PBXFileReference; lastKnownFileType = sourcecode.swift; path = Preview.swift; sourceTree = "<group>"; };
		9228FDB32AADC24600CE8E8D /* WealthWave.app */ = {isa = PBXFileReference; explicitFileType = wrapper.application; includeInIndex = 0; path = WealthWave.app; sourceTree = BUILT_PRODUCTS_DIR; };
		9228FDB62AADC24600CE8E8D /* WealthWaveApp.swift */ = {isa = PBXFileReference; lastKnownFileType = sourcecode.swift; path = WealthWaveApp.swift; sourceTree = "<group>"; };
		9228FDB82AADC24600CE8E8D /* ContentView.swift */ = {isa = PBXFileReference; lastKnownFileType = sourcecode.swift; path = ContentView.swift; sourceTree = "<group>"; };
		9228FDBA2AADC24700CE8E8D /* Assets.xcassets */ = {isa = PBXFileReference; lastKnownFileType = folder.assetcatalog; path = Assets.xcassets; sourceTree = "<group>"; };
		9228FDBD2AADC24700CE8E8D /* Preview Assets.xcassets */ = {isa = PBXFileReference; lastKnownFileType = folder.assetcatalog; path = "Preview Assets.xcassets"; sourceTree = "<group>"; };
		923839312AC4ABD700F3B4D6 /* GetReportViewModel.swift */ = {isa = PBXFileReference; lastKnownFileType = sourcecode.swift; path = GetReportViewModel.swift; sourceTree = "<group>"; };
		923839332AC4ABFC00F3B4D6 /* ReportModel.swift */ = {isa = PBXFileReference; lastKnownFileType = sourcecode.swift; path = ReportModel.swift; sourceTree = "<group>"; };
		923DC2E92ABC0A6A00809F30 /* EditExpensesView.swift */ = {isa = PBXFileReference; lastKnownFileType = sourcecode.swift; path = EditExpensesView.swift; sourceTree = "<group>"; };
		92565FBD2AC3287100E79B03 /* DeleteExpensesViewModel.swift */ = {isa = PBXFileReference; lastKnownFileType = sourcecode.swift; path = DeleteExpensesViewModel.swift; sourceTree = "<group>"; };
		92565FBF2AC349B800E79B03 /* ExpenseDeleteModel.swift */ = {isa = PBXFileReference; lastKnownFileType = sourcecode.swift; path = ExpenseDeleteModel.swift; sourceTree = "<group>"; };
		92716E3D2AB9B9D200B9A468 /* DashboardView.swift */ = {isa = PBXFileReference; lastKnownFileType = sourcecode.swift; path = DashboardView.swift; sourceTree = "<group>"; };
		928917222AC00E37008527B5 /* PropertyModel.swift */ = {isa = PBXFileReference; lastKnownFileType = sourcecode.swift; path = PropertyModel.swift; sourceTree = "<group>"; };
		928917242AC0144E008527B5 /* GetIncomeViewModel.swift */ = {isa = PBXFileReference; lastKnownFileType = sourcecode.swift; path = GetIncomeViewModel.swift; sourceTree = "<group>"; };
		928917282AC01F5D008527B5 /* IncomeModel.swift */ = {isa = PBXFileReference; lastKnownFileType = sourcecode.swift; path = IncomeModel.swift; sourceTree = "<group>"; };
		928CB34A2ABF1700002226B8 /* LoginViewModel.swift */ = {isa = PBXFileReference; lastKnownFileType = sourcecode.swift; path = LoginViewModel.swift; sourceTree = "<group>"; };
		9295CD502ABCB85200259DB8 /* AddIncomeView.swift */ = {isa = PBXFileReference; lastKnownFileType = sourcecode.swift; path = AddIncomeView.swift; sourceTree = "<group>"; };
		9295CD522ABCC10F00259DB8 /* AddSavingView.swift */ = {isa = PBXFileReference; lastKnownFileType = sourcecode.swift; path = AddSavingView.swift; sourceTree = "<group>"; };
		9295CD542ABCC4FA00259DB8 /* BudgetView.swift */ = {isa = PBXFileReference; lastKnownFileType = sourcecode.swift; path = BudgetView.swift; sourceTree = "<group>"; };
		9295CD562ABCC6A500259DB8 /* AddBudgetView.swift */ = {isa = PBXFileReference; lastKnownFileType = sourcecode.swift; path = AddBudgetView.swift; sourceTree = "<group>"; };
		9295CD582ABCCCC200259DB8 /* ReportView.swift */ = {isa = PBXFileReference; lastKnownFileType = sourcecode.swift; path = ReportView.swift; sourceTree = "<group>"; };
		929AC7352AC40AD700AB3058 /* DeleteSavingViewModel.swift */ = {isa = PBXFileReference; lastKnownFileType = sourcecode.swift; path = DeleteSavingViewModel.swift; sourceTree = "<group>"; };
		929AC7372AC40B0600AB3058 /* SavingDeleteModel.swift */ = {isa = PBXFileReference; lastKnownFileType = sourcecode.swift; path = SavingDeleteModel.swift; sourceTree = "<group>"; };
		929AC73A2AC4320100AB3058 /* GetReportMonthViewModel.swift */ = {isa = PBXFileReference; lastKnownFileType = sourcecode.swift; path = GetReportMonthViewModel.swift; sourceTree = "<group>"; };
		929AC73C2AC43DB600AB3058 /* ReportMonthModel.swift */ = {isa = PBXFileReference; lastKnownFileType = sourcecode.swift; path = ReportMonthModel.swift; sourceTree = "<group>"; };
		929AC73E2AC44ACA00AB3058 /* ChartsView.swift */ = {isa = PBXFileReference; lastKnownFileType = sourcecode.swift; path = ChartsView.swift; sourceTree = "<group>"; };
		92A5D7DB2AC054EB0076FD7D /* GetExpensesViewModel.swift */ = {isa = PBXFileReference; lastKnownFileType = sourcecode.swift; path = GetExpensesViewModel.swift; sourceTree = "<group>"; };
		92A5D7DD2AC056D40076FD7D /* ExpensesModel.swift */ = {isa = PBXFileReference; lastKnownFileType = sourcecode.swift; path = ExpensesModel.swift; sourceTree = "<group>"; };
		92A873CD2AC2BCD30011F51A /* GetBudgetViewModel.swift */ = {isa = PBXFileReference; lastKnownFileType = sourcecode.swift; path = GetBudgetViewModel.swift; sourceTree = "<group>"; };
		92A873CF2AC2BCE50011F51A /* BudgetModel.swift */ = {isa = PBXFileReference; lastKnownFileType = sourcecode.swift; path = BudgetModel.swift; sourceTree = "<group>"; };
		92AADDF22ABDA57A00597610 /* ListOfExpensesViewModel.swift */ = {isa = PBXFileReference; lastKnownFileType = sourcecode.swift; path = ListOfExpensesViewModel.swift; sourceTree = "<group>"; };
		92AADDF62ABDDA6C00597610 /* AddExpensesViewModel.swift */ = {isa = PBXFileReference; lastKnownFileType = sourcecode.swift; path = AddExpensesViewModel.swift; sourceTree = "<group>"; };
		92B2F8742ABAD1080035656F /* AddItemsView.swift */ = {isa = PBXFileReference; lastKnownFileType = sourcecode.swift; path = AddItemsView.swift; sourceTree = "<group>"; };
		92B2F8762ABAE3DB0035656F /* ListOfExpensesView.swift */ = {isa = PBXFileReference; lastKnownFileType = sourcecode.swift; path = ListOfExpensesView.swift; sourceTree = "<group>"; };
		92B2F8782ABAFD8A0035656F /* AddExpensesView.swift */ = {isa = PBXFileReference; lastKnownFileType = sourcecode.swift; path = AddExpensesView.swift; sourceTree = "<group>"; tabWidth = 3; };
		92B3E47E2ABDEDC700CC2BC0 /* BudgetCategoryModel.swift */ = {isa = PBXFileReference; lastKnownFileType = sourcecode.swift; path = BudgetCategoryModel.swift; sourceTree = "<group>"; };
		92C22A6E2AADDC0A0099AB39 /* LoginView.swift */ = {isa = PBXFileReference; lastKnownFileType = sourcecode.swift; path = LoginView.swift; sourceTree = "<group>"; };
		92DF58142ABF57030060E428 /* GetSavingViewModel.swift */ = {isa = PBXFileReference; lastKnownFileType = sourcecode.swift; path = GetSavingViewModel.swift; sourceTree = "<group>"; };
		92DF58162ABF5AED0060E428 /* SavingModel.swift */ = {isa = PBXFileReference; lastKnownFileType = sourcecode.swift; path = SavingModel.swift; sourceTree = "<group>"; };
		92F8769B2AB033800063AD2A /* Info.plist */ = {isa = PBXFileReference; lastKnownFileType = text.plist; path = Info.plist; sourceTree = "<group>"; };
		92FE090B2ABEDE6700C8CCA6 /* AddIncomeViewModel.swift */ = {isa = PBXFileReference; lastKnownFileType = sourcecode.swift; path = AddIncomeViewModel.swift; sourceTree = "<group>"; };
		92FE090D2ABEE5A000C8CCA6 /* AddSavingViewModel.swift */ = {isa = PBXFileReference; lastKnownFileType = sourcecode.swift; path = AddSavingViewModel.swift; sourceTree = "<group>"; };
		92FE090F2ABEFBA800C8CCA6 /* AddBudgetViewModel.swift */ = {isa = PBXFileReference; lastKnownFileType = sourcecode.swift; path = AddBudgetViewModel.swift; sourceTree = "<group>"; };
/* End PBXFileReference section */

/* Begin PBXFrameworksBuildPhase section */
		9228FDB02AADC24600CE8E8D /* Frameworks */ = {
			isa = PBXFrameworksBuildPhase;
			buildActionMask = 2147483647;
			files = (
			);
			runOnlyForDeploymentPostprocessing = 0;
		};
/* End PBXFrameworksBuildPhase section */

/* Begin PBXGroup section */
		9212FA572AAE274700490868 /* ViewModel */ = {
			isa = PBXGroup;
			children = (
				9212FA582AAE27AC00490868 /* RegisterViewModel.swift */,
				92AADDF22ABDA57A00597610 /* ListOfExpensesViewModel.swift */,
				92AADDF62ABDDA6C00597610 /* AddExpensesViewModel.swift */,
				92FE090B2ABEDE6700C8CCA6 /* AddIncomeViewModel.swift */,
				92FE090D2ABEE5A000C8CCA6 /* AddSavingViewModel.swift */,
				92FE090F2ABEFBA800C8CCA6 /* AddBudgetViewModel.swift */,
				928CB34A2ABF1700002226B8 /* LoginViewModel.swift */,
				92DF58142ABF57030060E428 /* GetSavingViewModel.swift */,
				928917242AC0144E008527B5 /* GetIncomeViewModel.swift */,
				92A5D7DB2AC054EB0076FD7D /* GetExpensesViewModel.swift */,
				92A873CD2AC2BCD30011F51A /* GetBudgetViewModel.swift */,
				92565FBD2AC3287100E79B03 /* DeleteExpensesViewModel.swift */,
				929AC7352AC40AD700AB3058 /* DeleteSavingViewModel.swift */,
				929AC73A2AC4320100AB3058 /* GetReportMonthViewModel.swift */,
				923839312AC4ABD700F3B4D6 /* GetReportViewModel.swift */,
				3A46F31D2AC6B85D00C43489 /* ChartsViewModel.swift */,
			);
			path = ViewModel;
			sourceTree = "<group>";
		};
		9225F37C2AADD2110009AA5C /* Views */ = {
			isa = PBXGroup;
			children = (
				9225F3812AADD3240009AA5C /* Preview.swift */,
				92C22A6E2AADDC0A0099AB39 /* LoginView.swift */,
				9212FA532AAE103F00490868 /* RegisterView.swift */,
				92716E3D2AB9B9D200B9A468 /* DashboardView.swift */,
				92B2F8742ABAD1080035656F /* AddItemsView.swift */,
				92B2F8762ABAE3DB0035656F /* ListOfExpensesView.swift */,
				923DC2E92ABC0A6A00809F30 /* EditExpensesView.swift */,
				92B2F8782ABAFD8A0035656F /* AddExpensesView.swift */,
				9295CD502ABCB85200259DB8 /* AddIncomeView.swift */,
				9295CD522ABCC10F00259DB8 /* AddSavingView.swift */,
				9295CD542ABCC4FA00259DB8 /* BudgetView.swift */,
				9295CD562ABCC6A500259DB8 /* AddBudgetView.swift */,
				9295CD582ABCCCC200259DB8 /* ReportView.swift */,
				929AC73E2AC44ACA00AB3058 /* ChartsView.swift */,
			);
			path = Views;
			sourceTree = "<group>";
		};
		9228FDAA2AADC24600CE8E8D = {
			isa = PBXGroup;
			children = (
				9228FDB52AADC24600CE8E8D /* WealthWave */,
				9228FDB42AADC24600CE8E8D /* Products */,
			);
			sourceTree = "<group>";
		};
		9228FDB42AADC24600CE8E8D /* Products */ = {
			isa = PBXGroup;
			children = (
				9228FDB32AADC24600CE8E8D /* WealthWave.app */,
			);
			name = Products;
			sourceTree = "<group>";
		};
		9228FDB52AADC24600CE8E8D /* WealthWave */ = {
			isa = PBXGroup;
			children = (
				92B3E47D2ABDED9300CC2BC0 /* Model */,
				92F8769B2AB033800063AD2A /* Info.plist */,
				9212FA572AAE274700490868 /* ViewModel */,
				9225F37C2AADD2110009AA5C /* Views */,
				9228FDB62AADC24600CE8E8D /* WealthWaveApp.swift */,
				9228FDB82AADC24600CE8E8D /* ContentView.swift */,
				9228FDBA2AADC24700CE8E8D /* Assets.xcassets */,
				9228FDBC2AADC24700CE8E8D /* Preview Content */,
			);
			path = WealthWave;
			sourceTree = "<group>";
		};
		9228FDBC2AADC24700CE8E8D /* Preview Content */ = {
			isa = PBXGroup;
			children = (
				9228FDBD2AADC24700CE8E8D /* Preview Assets.xcassets */,
			);
			path = "Preview Content";
			sourceTree = "<group>";
		};
		92B3E47D2ABDED9300CC2BC0 /* Model */ = {
			isa = PBXGroup;
			children = (
				92B3E47E2ABDEDC700CC2BC0 /* BudgetCategoryModel.swift */,
				929AC73C2AC43DB600AB3058 /* ReportMonthModel.swift */,
				92DF58162ABF5AED0060E428 /* SavingModel.swift */,
				92A873CF2AC2BCE50011F51A /* BudgetModel.swift */,
				928917222AC00E37008527B5 /* PropertyModel.swift */,
				928917282AC01F5D008527B5 /* IncomeModel.swift */,
				92A5D7DD2AC056D40076FD7D /* ExpensesModel.swift */,
				92565FBF2AC349B800E79B03 /* ExpenseDeleteModel.swift */,
				929AC7372AC40B0600AB3058 /* SavingDeleteModel.swift */,
				923839332AC4ABFC00F3B4D6 /* ReportModel.swift */,
				3A5DFF452AC698B000B4CC85 /* ChartsModel.swift */,
			);
			path = Model;
			sourceTree = "<group>";
		};
/* End PBXGroup section */

/* Begin PBXNativeTarget section */
		9228FDB22AADC24600CE8E8D /* WealthWave */ = {
			isa = PBXNativeTarget;
			buildConfigurationList = 9228FDC12AADC24700CE8E8D /* Build configuration list for PBXNativeTarget "WealthWave" */;
			buildPhases = (
				9228FDAF2AADC24600CE8E8D /* Sources */,
				9228FDB02AADC24600CE8E8D /* Frameworks */,
				9228FDB12AADC24600CE8E8D /* Resources */,
			);
			buildRules = (
			);
			dependencies = (
			);
			name = WealthWave;
			productName = WealthWave;
			productReference = 9228FDB32AADC24600CE8E8D /* WealthWave.app */;
			productType = "com.apple.product-type.application";
		};
/* End PBXNativeTarget section */

/* Begin PBXProject section */
		9228FDAB2AADC24600CE8E8D /* Project object */ = {
			isa = PBXProject;
			attributes = {
				BuildIndependentTargetsInParallel = 1;
				LastSwiftUpdateCheck = 1410;
				LastUpgradeCheck = 1410;
				TargetAttributes = {
					9228FDB22AADC24600CE8E8D = {
						CreatedOnToolsVersion = 14.1;
					};
				};
			};
			buildConfigurationList = 9228FDAE2AADC24600CE8E8D /* Build configuration list for PBXProject "WealthWave" */;
			compatibilityVersion = "Xcode 14.0";
			developmentRegion = en;
			hasScannedForEncodings = 0;
			knownRegions = (
				en,
				Base,
			);
			mainGroup = 9228FDAA2AADC24600CE8E8D;
			productRefGroup = 9228FDB42AADC24600CE8E8D /* Products */;
			projectDirPath = "";
			projectRoot = "";
			targets = (
				9228FDB22AADC24600CE8E8D /* WealthWave */,
			);
		};
/* End PBXProject section */

/* Begin PBXResourcesBuildPhase section */
		9228FDB12AADC24600CE8E8D /* Resources */ = {
			isa = PBXResourcesBuildPhase;
			buildActionMask = 2147483647;
			files = (
				9228FDBE2AADC24700CE8E8D /* Preview Assets.xcassets in Resources */,
				9228FDBB2AADC24700CE8E8D /* Assets.xcassets in Resources */,
			);
			runOnlyForDeploymentPostprocessing = 0;
		};
/* End PBXResourcesBuildPhase section */

/* Begin PBXSourcesBuildPhase section */
		9228FDAF2AADC24600CE8E8D /* Sources */ = {
			isa = PBXSourcesBuildPhase;
			buildActionMask = 2147483647;
			files = (
				928CB34B2ABF1700002226B8 /* LoginViewModel.swift in Sources */,
				9228FDB92AADC24600CE8E8D /* ContentView.swift in Sources */,
				9295CD532ABCC10F00259DB8 /* AddSavingView.swift in Sources */,
				923839322AC4ABD700F3B4D6 /* GetReportViewModel.swift in Sources */,
				92DF58152ABF57030060E428 /* GetSavingViewModel.swift in Sources */,
				92565FBE2AC3287100E79B03 /* DeleteExpensesViewModel.swift in Sources */,
				923839342AC4ABFC00F3B4D6 /* ReportModel.swift in Sources */,
				9295CD592ABCCCC200259DB8 /* ReportView.swift in Sources */,
				92AADDF72ABDDA6C00597610 /* AddExpensesViewModel.swift in Sources */,
				9212FA592AAE27AC00490868 /* RegisterViewModel.swift in Sources */,
				3A46F31E2AC6B85D00C43489 /* ChartsViewModel.swift in Sources */,
				929AC73F2AC44ACA00AB3058 /* ChartsView.swift in Sources */,
				92FE09102ABEFBA800C8CCA6 /* AddBudgetViewModel.swift in Sources */,
				92B2F8772ABAE3DB0035656F /* ListOfExpensesView.swift in Sources */,
				9212FA542AAE103F00490868 /* RegisterView.swift in Sources */,
				9295CD572ABCC6A500259DB8 /* AddBudgetView.swift in Sources */,
				929AC7362AC40AD700AB3058 /* DeleteSavingViewModel.swift in Sources */,
				923DC2EA2ABC0A6A00809F30 /* EditExpensesView.swift in Sources */,
				92B2F8752ABAD1080035656F /* AddItemsView.swift in Sources */,
				92FE090E2ABEE5A000C8CCA6 /* AddSavingViewModel.swift in Sources */,
				92716E3E2AB9B9D200B9A468 /* DashboardView.swift in Sources */,
				928917232AC00E37008527B5 /* PropertyModel.swift in Sources */,
				928917292AC01F5D008527B5 /* IncomeModel.swift in Sources */,
				929AC73D2AC43DB600AB3058 /* ReportMonthModel.swift in Sources */,
				92FE090C2ABEDE6700C8CCA6 /* AddIncomeViewModel.swift in Sources */,
				92565FC02AC349B800E79B03 /* ExpenseDeleteModel.swift in Sources */,
				92A5D7DE2AC056D40076FD7D /* ExpensesModel.swift in Sources */,
				9225F3822AADD3240009AA5C /* Preview.swift in Sources */,
				92B2F8792ABAFD8A0035656F /* AddExpensesView.swift in Sources */,
				928917252AC0144E008527B5 /* GetIncomeViewModel.swift in Sources */,
				92B3E47F2ABDEDC700CC2BC0 /* BudgetCategoryModel.swift in Sources */,
				929AC7382AC40B0600AB3058 /* SavingDeleteModel.swift in Sources */,
				92AADDF32ABDA57A00597610 /* ListOfExpensesViewModel.swift in Sources */,
				92A873D02AC2BCE50011F51A /* BudgetModel.swift in Sources */,
				9295CD512ABCB85200259DB8 /* AddIncomeView.swift in Sources */,
				929AC73B2AC4320100AB3058 /* GetReportMonthViewModel.swift in Sources */,
				9295CD552ABCC4FA00259DB8 /* BudgetView.swift in Sources */,
				3A5DFF462AC698B000B4CC85 /* ChartsModel.swift in Sources */,
				92A5D7DC2AC054EB0076FD7D /* GetExpensesViewModel.swift in Sources */,
				92C22A6F2AADDC0A0099AB39 /* LoginView.swift in Sources */,
				9228FDB72AADC24600CE8E8D /* WealthWaveApp.swift in Sources */,
				92DF58172ABF5AED0060E428 /* SavingModel.swift in Sources */,
				92A873CE2AC2BCD30011F51A /* GetBudgetViewModel.swift in Sources */,
			);
			runOnlyForDeploymentPostprocessing = 0;
		};
/* End PBXSourcesBuildPhase section */

/* Begin XCBuildConfiguration section */
		9228FDBF2AADC24700CE8E8D /* Debug */ = {
			isa = XCBuildConfiguration;
			buildSettings = {
				ALWAYS_SEARCH_USER_PATHS = NO;
				CLANG_ANALYZER_NONNULL = YES;
				CLANG_ANALYZER_NUMBER_OBJECT_CONVERSION = YES_AGGRESSIVE;
				CLANG_CXX_LANGUAGE_STANDARD = "gnu++20";
				CLANG_ENABLE_MODULES = YES;
				CLANG_ENABLE_OBJC_ARC = YES;
				CLANG_ENABLE_OBJC_WEAK = YES;
				CLANG_WARN_BLOCK_CAPTURE_AUTORELEASING = YES;
				CLANG_WARN_BOOL_CONVERSION = YES;
				CLANG_WARN_COMMA = YES;
				CLANG_WARN_CONSTANT_CONVERSION = YES;
				CLANG_WARN_DEPRECATED_OBJC_IMPLEMENTATIONS = YES;
				CLANG_WARN_DIRECT_OBJC_ISA_USAGE = YES_ERROR;
				CLANG_WARN_DOCUMENTATION_COMMENTS = YES;
				CLANG_WARN_EMPTY_BODY = YES;
				CLANG_WARN_ENUM_CONVERSION = YES;
				CLANG_WARN_INFINITE_RECURSION = YES;
				CLANG_WARN_INT_CONVERSION = YES;
				CLANG_WARN_NON_LITERAL_NULL_CONVERSION = YES;
				CLANG_WARN_OBJC_IMPLICIT_RETAIN_SELF = YES;
				CLANG_WARN_OBJC_LITERAL_CONVERSION = YES;
				CLANG_WARN_OBJC_ROOT_CLASS = YES_ERROR;
				CLANG_WARN_QUOTED_INCLUDE_IN_FRAMEWORK_HEADER = YES;
				CLANG_WARN_RANGE_LOOP_ANALYSIS = YES;
				CLANG_WARN_STRICT_PROTOTYPES = YES;
				CLANG_WARN_SUSPICIOUS_MOVE = YES;
				CLANG_WARN_UNGUARDED_AVAILABILITY = YES_AGGRESSIVE;
				CLANG_WARN_UNREACHABLE_CODE = YES;
				CLANG_WARN__DUPLICATE_METHOD_MATCH = YES;
				COPY_PHASE_STRIP = NO;
				DEBUG_INFORMATION_FORMAT = dwarf;
				ENABLE_STRICT_OBJC_MSGSEND = YES;
				ENABLE_TESTABILITY = YES;
				GCC_C_LANGUAGE_STANDARD = gnu11;
				GCC_DYNAMIC_NO_PIC = NO;
				GCC_NO_COMMON_BLOCKS = YES;
				GCC_OPTIMIZATION_LEVEL = 0;
				GCC_PREPROCESSOR_DEFINITIONS = (
					"DEBUG=1",
					"$(inherited)",
				);
				GCC_WARN_64_TO_32_BIT_CONVERSION = YES;
				GCC_WARN_ABOUT_RETURN_TYPE = YES_ERROR;
				GCC_WARN_UNDECLARED_SELECTOR = YES;
				GCC_WARN_UNINITIALIZED_AUTOS = YES_AGGRESSIVE;
				GCC_WARN_UNUSED_FUNCTION = YES;
				GCC_WARN_UNUSED_VARIABLE = YES;
				IPHONEOS_DEPLOYMENT_TARGET = 16.1;
				MTL_ENABLE_DEBUG_INFO = INCLUDE_SOURCE;
				MTL_FAST_MATH = YES;
				ONLY_ACTIVE_ARCH = YES;
				SDKROOT = iphoneos;
				SWIFT_ACTIVE_COMPILATION_CONDITIONS = DEBUG;
				SWIFT_OPTIMIZATION_LEVEL = "-Onone";
			};
			name = Debug;
		};
		9228FDC02AADC24700CE8E8D /* Release */ = {
			isa = XCBuildConfiguration;
			buildSettings = {
				ALWAYS_SEARCH_USER_PATHS = NO;
				CLANG_ANALYZER_NONNULL = YES;
				CLANG_ANALYZER_NUMBER_OBJECT_CONVERSION = YES_AGGRESSIVE;
				CLANG_CXX_LANGUAGE_STANDARD = "gnu++20";
				CLANG_ENABLE_MODULES = YES;
				CLANG_ENABLE_OBJC_ARC = YES;
				CLANG_ENABLE_OBJC_WEAK = YES;
				CLANG_WARN_BLOCK_CAPTURE_AUTORELEASING = YES;
				CLANG_WARN_BOOL_CONVERSION = YES;
				CLANG_WARN_COMMA = YES;
				CLANG_WARN_CONSTANT_CONVERSION = YES;
				CLANG_WARN_DEPRECATED_OBJC_IMPLEMENTATIONS = YES;
				CLANG_WARN_DIRECT_OBJC_ISA_USAGE = YES_ERROR;
				CLANG_WARN_DOCUMENTATION_COMMENTS = YES;
				CLANG_WARN_EMPTY_BODY = YES;
				CLANG_WARN_ENUM_CONVERSION = YES;
				CLANG_WARN_INFINITE_RECURSION = YES;
				CLANG_WARN_INT_CONVERSION = YES;
				CLANG_WARN_NON_LITERAL_NULL_CONVERSION = YES;
				CLANG_WARN_OBJC_IMPLICIT_RETAIN_SELF = YES;
				CLANG_WARN_OBJC_LITERAL_CONVERSION = YES;
				CLANG_WARN_OBJC_ROOT_CLASS = YES_ERROR;
				CLANG_WARN_QUOTED_INCLUDE_IN_FRAMEWORK_HEADER = YES;
				CLANG_WARN_RANGE_LOOP_ANALYSIS = YES;
				CLANG_WARN_STRICT_PROTOTYPES = YES;
				CLANG_WARN_SUSPICIOUS_MOVE = YES;
				CLANG_WARN_UNGUARDED_AVAILABILITY = YES_AGGRESSIVE;
				CLANG_WARN_UNREACHABLE_CODE = YES;
				CLANG_WARN__DUPLICATE_METHOD_MATCH = YES;
				COPY_PHASE_STRIP = NO;
				DEBUG_INFORMATION_FORMAT = "dwarf-with-dsym";
				ENABLE_NS_ASSERTIONS = NO;
				ENABLE_STRICT_OBJC_MSGSEND = YES;
				GCC_C_LANGUAGE_STANDARD = gnu11;
				GCC_NO_COMMON_BLOCKS = YES;
				GCC_WARN_64_TO_32_BIT_CONVERSION = YES;
				GCC_WARN_ABOUT_RETURN_TYPE = YES_ERROR;
				GCC_WARN_UNDECLARED_SELECTOR = YES;
				GCC_WARN_UNINITIALIZED_AUTOS = YES_AGGRESSIVE;
				GCC_WARN_UNUSED_FUNCTION = YES;
				GCC_WARN_UNUSED_VARIABLE = YES;
				IPHONEOS_DEPLOYMENT_TARGET = 16.1;
				MTL_ENABLE_DEBUG_INFO = NO;
				MTL_FAST_MATH = YES;
				SDKROOT = iphoneos;
				SWIFT_COMPILATION_MODE = wholemodule;
				SWIFT_OPTIMIZATION_LEVEL = "-O";
				VALIDATE_PRODUCT = YES;
			};
			name = Release;
		};
		9228FDC22AADC24700CE8E8D /* Debug */ = {
			isa = XCBuildConfiguration;
			buildSettings = {
				ASSETCATALOG_COMPILER_APPICON_NAME = AppIcon;
				ASSETCATALOG_COMPILER_GLOBAL_ACCENT_COLOR_NAME = AccentColor;
				CODE_SIGN_STYLE = Automatic;
				CURRENT_PROJECT_VERSION = 1;
				DEVELOPMENT_ASSET_PATHS = "\"WealthWave/Preview Content\"";
				ENABLE_PREVIEWS = YES;
				GENERATE_INFOPLIST_FILE = YES;
				INFOPLIST_FILE = WealthWave/Info.plist;
				INFOPLIST_KEY_UIApplicationSceneManifest_Generation = YES;
				INFOPLIST_KEY_UIApplicationSupportsIndirectInputEvents = YES;
				INFOPLIST_KEY_UILaunchScreen_Generation = YES;
				INFOPLIST_KEY_UISupportedInterfaceOrientations_iPad = "UIInterfaceOrientationPortrait UIInterfaceOrientationPortraitUpsideDown UIInterfaceOrientationLandscapeLeft UIInterfaceOrientationLandscapeRight";
				INFOPLIST_KEY_UISupportedInterfaceOrientations_iPhone = "UIInterfaceOrientationPortrait UIInterfaceOrientationLandscapeLeft UIInterfaceOrientationLandscapeRight";
				IPHONEOS_DEPLOYMENT_TARGET = 16.1;
				LD_RUNPATH_SEARCH_PATHS = (
					"$(inherited)",
					"@executable_path/Frameworks",
				);
				MARKETING_VERSION = 1.0;
				PRODUCT_BUNDLE_IDENTIFIER = nibm.WealthWave;
				PRODUCT_NAME = "$(TARGET_NAME)";
				SWIFT_EMIT_LOC_STRINGS = YES;
				SWIFT_VERSION = 5.0;
				TARGETED_DEVICE_FAMILY = "1,2";
			};
			name = Debug;
		};
		9228FDC32AADC24700CE8E8D /* Release */ = {
			isa = XCBuildConfiguration;
			buildSettings = {
				ASSETCATALOG_COMPILER_APPICON_NAME = AppIcon;
				ASSETCATALOG_COMPILER_GLOBAL_ACCENT_COLOR_NAME = AccentColor;
				CODE_SIGN_STYLE = Automatic;
				CURRENT_PROJECT_VERSION = 1;
				DEVELOPMENT_ASSET_PATHS = "\"WealthWave/Preview Content\"";
				ENABLE_PREVIEWS = YES;
				GENERATE_INFOPLIST_FILE = YES;
				INFOPLIST_FILE = WealthWave/Info.plist;
				INFOPLIST_KEY_UIApplicationSceneManifest_Generation = YES;
				INFOPLIST_KEY_UIApplicationSupportsIndirectInputEvents = YES;
				INFOPLIST_KEY_UILaunchScreen_Generation = YES;
				INFOPLIST_KEY_UISupportedInterfaceOrientations_iPad = "UIInterfaceOrientationPortrait UIInterfaceOrientationPortraitUpsideDown UIInterfaceOrientationLandscapeLeft UIInterfaceOrientationLandscapeRight";
				INFOPLIST_KEY_UISupportedInterfaceOrientations_iPhone = "UIInterfaceOrientationPortrait UIInterfaceOrientationLandscapeLeft UIInterfaceOrientationLandscapeRight";
				IPHONEOS_DEPLOYMENT_TARGET = 16.1;
				LD_RUNPATH_SEARCH_PATHS = (
					"$(inherited)",
					"@executable_path/Frameworks",
				);
				MARKETING_VERSION = 1.0;
				PRODUCT_BUNDLE_IDENTIFIER = nibm.WealthWave;
				PRODUCT_NAME = "$(TARGET_NAME)";
				SWIFT_EMIT_LOC_STRINGS = YES;
				SWIFT_VERSION = 5.0;
				TARGETED_DEVICE_FAMILY = "1,2";
			};
			name = Release;
		};
/* End XCBuildConfiguration section */

/* Begin XCConfigurationList section */
		9228FDAE2AADC24600CE8E8D /* Build configuration list for PBXProject "WealthWave" */ = {
			isa = XCConfigurationList;
			buildConfigurations = (
				9228FDBF2AADC24700CE8E8D /* Debug */,
				9228FDC02AADC24700CE8E8D /* Release */,
			);
			defaultConfigurationIsVisible = 0;
			defaultConfigurationName = Release;
		};
		9228FDC12AADC24700CE8E8D /* Build configuration list for PBXNativeTarget "WealthWave" */ = {
			isa = XCConfigurationList;
			buildConfigurations = (
				9228FDC22AADC24700CE8E8D /* Debug */,
				9228FDC32AADC24700CE8E8D /* Release */,
			);
			defaultConfigurationIsVisible = 0;
			defaultConfigurationName = Release;
		};
/* End XCConfigurationList section */
	};
	rootObject = 9228FDAB2AADC24600CE8E8D /* Project object */;
}
